
Microsoft Visual Studio Solution File, Format Version 12.00
# Visual Studio Version 17
VisualStudioVersion = 17.5.33516.290
MinimumVisualStudioVersion = 10.0.40219.1
Project("{FAE04EC0-301F-11D3-BF4B-00C04F79EFBC}") = "SingleResponsibilityPrinciple", "SingleResponsibilityPrinciple\SingleResponsibilityPrinciple.csproj", "{AF67B7A5-6688-4344-AEFA-E7A01CA32148}"
EndProject
Global
	GlobalSection(SolutionConfigurationPlatforms) = preSolution
		Debug|Any CPU = Debug|Any CPU
		Release|Any CPU = Release|Any CPU
	EndGlobalSection
	GlobalSection(ProjectConfigurationPlatforms) = postSolution
		{AF67B7A5-6688-4344-AEFA-E7A01CA32148}.Debug|Any CPU.ActiveCfg = Debug|Any CPU
		{AF67B7A5-6688-4344-AEFA-E7A01CA32148}.Debug|Any CPU.Build.0 = Debug|Any CPU
		{AF67B7A5-6688-4344-AEFA-E7A01CA32148}.Release|Any CPU.ActiveCfg = Release|Any CPU
		{AF67B7A5-6688-4344-AEFA-E7A01CA32148}.Release|Any CPU.Build.0 = Release|Any CPU
	EndGlobalSection
	GlobalSection(SolutionProperties) = preSolution
		HideSolutionNode = FALSE
	EndGlobalSection
	GlobalSection(ExtensibilityGlobals) = postSolution
		SolutionGuid = {169D1FF8-1BFA-439D-9BF6-6707AF2F487C}
	EndGlobalSection
EndGlobal
